
Microsoft Visual Studio Solution File, Format Version 12.00
# Visual Studio Version 16
VisualStudioVersion = 16.0.32510.428
MinimumVisualStudioVersion = 10.0.40219.1
Project("{2150E333-8FDC-42A3-9474-1A3956D46DE8}") = "Services", "Services", "{23336B80-C77F-4CF8-B73F-EAC00ADAD86A}"
EndProject
Project("{2150E333-8FDC-42A3-9474-1A3956D46DE8}") = "Catalog", "Catalog", "{4F9BAE86-75C7-47AF-968C-86F1A6EA1A93}"
EndProject
Project("{FAE04EC0-301F-11D3-BF4B-00C04F79EFBC}") = "CatalogAPI", "Services\Catalog\CatalogAPI\CatalogAPI.csproj", "{A91E8AF4-6163-413D-8BB9-B6B99820DF41}"
EndProject
Project("{2150E333-8FDC-42A3-9474-1A3956D46DE8}") = "Solution Items", "Solution Items", "{580B4213-99C0-450B-9C83-8937AB744066}"
	ProjectSection(SolutionItems) = preProject
		Ports.txt = Ports.txt
	EndProjectSection
EndProject
Project("{2150E333-8FDC-42A3-9474-1A3956D46DE8}") = "Shared", "Shared", "{259B3EAA-56C0-448F-8A68-B69796787844}"
EndProject
Project("{FAE04EC0-301F-11D3-BF4B-00C04F79EFBC}") = "FreeCourse.Shared", "Shared\FreeCourse.Shared\FreeCourse.Shared.csproj", "{40BDDE38-A78B-40B3-BE16-37E7C8427691}"
EndProject
Global
	GlobalSection(SolutionConfigurationPlatforms) = preSolution
		Debug|Any CPU = Debug|Any CPU
		Release|Any CPU = Release|Any CPU
	EndGlobalSection
	GlobalSection(ProjectConfigurationPlatforms) = postSolution
		{A91E8AF4-6163-413D-8BB9-B6B99820DF41}.Debug|Any CPU.ActiveCfg = Debug|Any CPU
		{A91E8AF4-6163-413D-8BB9-B6B99820DF41}.Debug|Any CPU.Build.0 = Debug|Any CPU
		{A91E8AF4-6163-413D-8BB9-B6B99820DF41}.Release|Any CPU.ActiveCfg = Release|Any CPU
		{A91E8AF4-6163-413D-8BB9-B6B99820DF41}.Release|Any CPU.Build.0 = Release|Any CPU
		{40BDDE38-A78B-40B3-BE16-37E7C8427691}.Debug|Any CPU.ActiveCfg = Debug|Any CPU
		{40BDDE38-A78B-40B3-BE16-37E7C8427691}.Debug|Any CPU.Build.0 = Debug|Any CPU
		{40BDDE38-A78B-40B3-BE16-37E7C8427691}.Release|Any CPU.ActiveCfg = Release|Any CPU
		{40BDDE38-A78B-40B3-BE16-37E7C8427691}.Release|Any CPU.Build.0 = Release|Any CPU
	EndGlobalSection
	GlobalSection(SolutionProperties) = preSolution
		HideSolutionNode = FALSE
	EndGlobalSection
	GlobalSection(NestedProjects) = preSolution
		{4F9BAE86-75C7-47AF-968C-86F1A6EA1A93} = {23336B80-C77F-4CF8-B73F-EAC00ADAD86A}
		{A91E8AF4-6163-413D-8BB9-B6B99820DF41} = {4F9BAE86-75C7-47AF-968C-86F1A6EA1A93}
		{40BDDE38-A78B-40B3-BE16-37E7C8427691} = {259B3EAA-56C0-448F-8A68-B69796787844}
	EndGlobalSection
	GlobalSection(ExtensibilityGlobals) = postSolution
		SolutionGuid = {3958BAEC-69DB-46FB-81B9-BCED6048382C}
	EndGlobalSection
EndGlobal
