
Microsoft Visual Studio Solution File, Format Version 12.00
# Visual Studio Version 16
VisualStudioVersion = 16.0.32510.428
MinimumVisualStudioVersion = 10.0.40219.1
Project("{2150E333-8FDC-42A3-9474-1A3956D46DE8}") = "Services", "Services", "{23336B80-C77F-4CF8-B73F-EAC00ADAD86A}"
EndProject
Project("{2150E333-8FDC-42A3-9474-1A3956D46DE8}") = "Catalog", "Catalog", "{4F9BAE86-75C7-47AF-968C-86F1A6EA1A93}"
EndProject
Project("{9A19103F-16F7-4668-BE54-9A1E7A4F7556}") = "CatalogAPI", "Services\Catalog\CatalogAPI\CatalogAPI.csproj", "{A91E8AF4-6163-413D-8BB9-B6B99820DF41}"
EndProject
Project("{2150E333-8FDC-42A3-9474-1A3956D46DE8}") = "Solution Items", "Solution Items", "{580B4213-99C0-450B-9C83-8937AB744066}"
	ProjectSection(SolutionItems) = preProject
		Ports.txt = Ports.txt
	EndProjectSection
EndProject
Project("{2150E333-8FDC-42A3-9474-1A3956D46DE8}") = "Shared", "Shared", "{259B3EAA-56C0-448F-8A68-B69796787844}"
EndProject
Project("{9A19103F-16F7-4668-BE54-9A1E7A4F7556}") = "Shared", "Shared\Shared\Shared.csproj", "{40BDDE38-A78B-40B3-BE16-37E7C8427691}"
EndProject
Project("{2150E333-8FDC-42A3-9474-1A3956D46DE8}") = "Identity", "Identity", "{311CF1C8-2513-459C-9301-8BC3BEAED721}"
EndProject
Project("{9A19103F-16F7-4668-BE54-9A1E7A4F7556}") = "IdentityAPI", "Services\Identity\IdentityAPI\IdentityAPI.csproj", "{ABBA7906-F523-49C9-83A8-BCA505273776}"
EndProject
Project("{2150E333-8FDC-42A3-9474-1A3956D46DE8}") = "PhotoStock", "PhotoStock", "{CABE7F6D-D2EA-459B-B957-D76E0D2CB84B}"
EndProject
Project("{9A19103F-16F7-4668-BE54-9A1E7A4F7556}") = "PhotoStockAPI", "Services\PhotoStock\PhotoStockAPI\PhotoStockAPI.csproj", "{2C4C772E-9408-4925-B938-AC8E86A9442B}"
EndProject
Project("{2150E333-8FDC-42A3-9474-1A3956D46DE8}") = "Basket", "Basket", "{E53309EF-4249-4B3F-988B-4A8ABDBD9FD0}"
EndProject
Project("{9A19103F-16F7-4668-BE54-9A1E7A4F7556}") = "BasketAPI", "Services\Basket\BasketAPI\BasketAPI.csproj", "{CFBC84F8-E399-45EA-B91B-5EBB204C1141}"
EndProject
Project("{2150E333-8FDC-42A3-9474-1A3956D46DE8}") = "Discount", "Discount", "{390422C0-8B63-4B46-8A82-E53E83432AE0}"
EndProject
Project("{9A19103F-16F7-4668-BE54-9A1E7A4F7556}") = "DiscountAPI", "Services\Discount\DiscountAPI\DiscountAPI.csproj", "{7C07FE4F-D607-4035-B4B3-6320DD0E238B}"
EndProject
Project("{2150E333-8FDC-42A3-9474-1A3956D46DE8}") = "Order", "Order", "{0DD8578A-B60C-4C7B-8A1A-71E1772E484A}"
EndProject
Project("{9A19103F-16F7-4668-BE54-9A1E7A4F7556}") = "OrderAPI", "Services\Order\OrderAPI\OrderAPI.csproj", "{8A1ABEDE-366B-4CED-AE3C-E5C4D6486A6A}"
EndProject
Project("{9A19103F-16F7-4668-BE54-9A1E7A4F7556}") = "Order.Application", "Services\Order\Order.Application\Order.Application.csproj", "{D9A2382C-CE06-4DB6-B249-CB99C3077505}"
EndProject
Project("{9A19103F-16F7-4668-BE54-9A1E7A4F7556}") = "Order.Domain", "Services\Order\Order.Domain\Order.Domain.csproj", "{027BE8F5-F451-45F9-9DFA-4056B7508047}"
EndProject
Project("{9A19103F-16F7-4668-BE54-9A1E7A4F7556}") = "Order.Domain.Core", "Services\Order\Order.Domain.Core\Order.Domain.Core.csproj", "{3D1D51E4-499D-46E5-8D14-E94C95E2C527}"
EndProject
Project("{9A19103F-16F7-4668-BE54-9A1E7A4F7556}") = "Order.Infrastructure", "Services\Order\Order.Infrastructure\Order.Infrastructure.csproj", "{7E3F6CF5-EF00-40ED-A725-C1ECEA988B93}"
EndProject
Project("{2150E333-8FDC-42A3-9474-1A3956D46DE8}") = "FakePayment", "FakePayment", "{B8EE1B74-358D-4B34-B951-1E4AEAA95D62}"
EndProject
Project("{FAE04EC0-301F-11D3-BF4B-00C04F79EFBC}") = "FakePaymentAPI", "Services\FakePayment\FakePaymentAPI\FakePaymentAPI.csproj", "{1707AD26-2017-4A4E-ACDD-92771D46936B}"
EndProject
Project("{2150E333-8FDC-42A3-9474-1A3956D46DE8}") = "Gateways", "Gateways", "{310D9FF9-3D24-49DB-AC28-6E2F7E416B89}"
EndProject
Project("{FAE04EC0-301F-11D3-BF4B-00C04F79EFBC}") = "GatewayAPI", "GatewayAPI\GatewayAPI.csproj", "{D3D9D1E1-2CDC-4066-94FA-496CF4900286}"
EndProject
Global
	GlobalSection(SolutionConfigurationPlatforms) = preSolution
		Debug|Any CPU = Debug|Any CPU
		Release|Any CPU = Release|Any CPU
	EndGlobalSection
	GlobalSection(ProjectConfigurationPlatforms) = postSolution
		{A91E8AF4-6163-413D-8BB9-B6B99820DF41}.Debug|Any CPU.ActiveCfg = Debug|Any CPU
		{A91E8AF4-6163-413D-8BB9-B6B99820DF41}.Debug|Any CPU.Build.0 = Debug|Any CPU
		{A91E8AF4-6163-413D-8BB9-B6B99820DF41}.Release|Any CPU.ActiveCfg = Release|Any CPU
		{A91E8AF4-6163-413D-8BB9-B6B99820DF41}.Release|Any CPU.Build.0 = Release|Any CPU
		{40BDDE38-A78B-40B3-BE16-37E7C8427691}.Debug|Any CPU.ActiveCfg = Debug|Any CPU
		{40BDDE38-A78B-40B3-BE16-37E7C8427691}.Debug|Any CPU.Build.0 = Debug|Any CPU
		{40BDDE38-A78B-40B3-BE16-37E7C8427691}.Release|Any CPU.ActiveCfg = Release|Any CPU
		{40BDDE38-A78B-40B3-BE16-37E7C8427691}.Release|Any CPU.Build.0 = Release|Any CPU
		{ABBA7906-F523-49C9-83A8-BCA505273776}.Debug|Any CPU.ActiveCfg = Debug|Any CPU
		{ABBA7906-F523-49C9-83A8-BCA505273776}.Debug|Any CPU.Build.0 = Debug|Any CPU
		{ABBA7906-F523-49C9-83A8-BCA505273776}.Release|Any CPU.ActiveCfg = Release|Any CPU
		{ABBA7906-F523-49C9-83A8-BCA505273776}.Release|Any CPU.Build.0 = Release|Any CPU
		{2C4C772E-9408-4925-B938-AC8E86A9442B}.Debug|Any CPU.ActiveCfg = Debug|Any CPU
		{2C4C772E-9408-4925-B938-AC8E86A9442B}.Debug|Any CPU.Build.0 = Debug|Any CPU
		{2C4C772E-9408-4925-B938-AC8E86A9442B}.Release|Any CPU.ActiveCfg = Release|Any CPU
		{2C4C772E-9408-4925-B938-AC8E86A9442B}.Release|Any CPU.Build.0 = Release|Any CPU
		{CFBC84F8-E399-45EA-B91B-5EBB204C1141}.Debug|Any CPU.ActiveCfg = Debug|Any CPU
		{CFBC84F8-E399-45EA-B91B-5EBB204C1141}.Debug|Any CPU.Build.0 = Debug|Any CPU
		{CFBC84F8-E399-45EA-B91B-5EBB204C1141}.Release|Any CPU.ActiveCfg = Release|Any CPU
		{CFBC84F8-E399-45EA-B91B-5EBB204C1141}.Release|Any CPU.Build.0 = Release|Any CPU
		{7C07FE4F-D607-4035-B4B3-6320DD0E238B}.Debug|Any CPU.ActiveCfg = Debug|Any CPU
		{7C07FE4F-D607-4035-B4B3-6320DD0E238B}.Debug|Any CPU.Build.0 = Debug|Any CPU
		{7C07FE4F-D607-4035-B4B3-6320DD0E238B}.Release|Any CPU.ActiveCfg = Release|Any CPU
		{7C07FE4F-D607-4035-B4B3-6320DD0E238B}.Release|Any CPU.Build.0 = Release|Any CPU
		{8A1ABEDE-366B-4CED-AE3C-E5C4D6486A6A}.Debug|Any CPU.ActiveCfg = Debug|Any CPU
		{8A1ABEDE-366B-4CED-AE3C-E5C4D6486A6A}.Debug|Any CPU.Build.0 = Debug|Any CPU
		{8A1ABEDE-366B-4CED-AE3C-E5C4D6486A6A}.Release|Any CPU.ActiveCfg = Release|Any CPU
		{8A1ABEDE-366B-4CED-AE3C-E5C4D6486A6A}.Release|Any CPU.Build.0 = Release|Any CPU
		{D9A2382C-CE06-4DB6-B249-CB99C3077505}.Debug|Any CPU.ActiveCfg = Debug|Any CPU
		{D9A2382C-CE06-4DB6-B249-CB99C3077505}.Debug|Any CPU.Build.0 = Debug|Any CPU
		{D9A2382C-CE06-4DB6-B249-CB99C3077505}.Release|Any CPU.ActiveCfg = Release|Any CPU
		{D9A2382C-CE06-4DB6-B249-CB99C3077505}.Release|Any CPU.Build.0 = Release|Any CPU
		{027BE8F5-F451-45F9-9DFA-4056B7508047}.Debug|Any CPU.ActiveCfg = Debug|Any CPU
		{027BE8F5-F451-45F9-9DFA-4056B7508047}.Debug|Any CPU.Build.0 = Debug|Any CPU
		{027BE8F5-F451-45F9-9DFA-4056B7508047}.Release|Any CPU.ActiveCfg = Release|Any CPU
		{027BE8F5-F451-45F9-9DFA-4056B7508047}.Release|Any CPU.Build.0 = Release|Any CPU
		{3D1D51E4-499D-46E5-8D14-E94C95E2C527}.Debug|Any CPU.ActiveCfg = Debug|Any CPU
		{3D1D51E4-499D-46E5-8D14-E94C95E2C527}.Debug|Any CPU.Build.0 = Debug|Any CPU
		{3D1D51E4-499D-46E5-8D14-E94C95E2C527}.Release|Any CPU.ActiveCfg = Release|Any CPU
		{3D1D51E4-499D-46E5-8D14-E94C95E2C527}.Release|Any CPU.Build.0 = Release|Any CPU
		{7E3F6CF5-EF00-40ED-A725-C1ECEA988B93}.Debug|Any CPU.ActiveCfg = Debug|Any CPU
		{7E3F6CF5-EF00-40ED-A725-C1ECEA988B93}.Debug|Any CPU.Build.0 = Debug|Any CPU
		{7E3F6CF5-EF00-40ED-A725-C1ECEA988B93}.Release|Any CPU.ActiveCfg = Release|Any CPU
		{7E3F6CF5-EF00-40ED-A725-C1ECEA988B93}.Release|Any CPU.Build.0 = Release|Any CPU
		{1707AD26-2017-4A4E-ACDD-92771D46936B}.Debug|Any CPU.ActiveCfg = Debug|Any CPU
		{1707AD26-2017-4A4E-ACDD-92771D46936B}.Debug|Any CPU.Build.0 = Debug|Any CPU
		{1707AD26-2017-4A4E-ACDD-92771D46936B}.Release|Any CPU.ActiveCfg = Release|Any CPU
		{1707AD26-2017-4A4E-ACDD-92771D46936B}.Release|Any CPU.Build.0 = Release|Any CPU
		{D3D9D1E1-2CDC-4066-94FA-496CF4900286}.Debug|Any CPU.ActiveCfg = Debug|Any CPU
		{D3D9D1E1-2CDC-4066-94FA-496CF4900286}.Debug|Any CPU.Build.0 = Debug|Any CPU
		{D3D9D1E1-2CDC-4066-94FA-496CF4900286}.Release|Any CPU.ActiveCfg = Release|Any CPU
		{D3D9D1E1-2CDC-4066-94FA-496CF4900286}.Release|Any CPU.Build.0 = Release|Any CPU
	EndGlobalSection
	GlobalSection(SolutionProperties) = preSolution
		HideSolutionNode = FALSE
	EndGlobalSection
	GlobalSection(NestedProjects) = preSolution
		{4F9BAE86-75C7-47AF-968C-86F1A6EA1A93} = {23336B80-C77F-4CF8-B73F-EAC00ADAD86A}
		{A91E8AF4-6163-413D-8BB9-B6B99820DF41} = {4F9BAE86-75C7-47AF-968C-86F1A6EA1A93}
		{40BDDE38-A78B-40B3-BE16-37E7C8427691} = {259B3EAA-56C0-448F-8A68-B69796787844}
		{311CF1C8-2513-459C-9301-8BC3BEAED721} = {23336B80-C77F-4CF8-B73F-EAC00ADAD86A}
		{ABBA7906-F523-49C9-83A8-BCA505273776} = {311CF1C8-2513-459C-9301-8BC3BEAED721}
		{CABE7F6D-D2EA-459B-B957-D76E0D2CB84B} = {23336B80-C77F-4CF8-B73F-EAC00ADAD86A}
		{2C4C772E-9408-4925-B938-AC8E86A9442B} = {CABE7F6D-D2EA-459B-B957-D76E0D2CB84B}
		{E53309EF-4249-4B3F-988B-4A8ABDBD9FD0} = {23336B80-C77F-4CF8-B73F-EAC00ADAD86A}
		{CFBC84F8-E399-45EA-B91B-5EBB204C1141} = {E53309EF-4249-4B3F-988B-4A8ABDBD9FD0}
		{390422C0-8B63-4B46-8A82-E53E83432AE0} = {23336B80-C77F-4CF8-B73F-EAC00ADAD86A}
		{7C07FE4F-D607-4035-B4B3-6320DD0E238B} = {390422C0-8B63-4B46-8A82-E53E83432AE0}
		{0DD8578A-B60C-4C7B-8A1A-71E1772E484A} = {23336B80-C77F-4CF8-B73F-EAC00ADAD86A}
		{8A1ABEDE-366B-4CED-AE3C-E5C4D6486A6A} = {0DD8578A-B60C-4C7B-8A1A-71E1772E484A}
		{D9A2382C-CE06-4DB6-B249-CB99C3077505} = {0DD8578A-B60C-4C7B-8A1A-71E1772E484A}
		{027BE8F5-F451-45F9-9DFA-4056B7508047} = {0DD8578A-B60C-4C7B-8A1A-71E1772E484A}
		{3D1D51E4-499D-46E5-8D14-E94C95E2C527} = {0DD8578A-B60C-4C7B-8A1A-71E1772E484A}
		{7E3F6CF5-EF00-40ED-A725-C1ECEA988B93} = {0DD8578A-B60C-4C7B-8A1A-71E1772E484A}
		{B8EE1B74-358D-4B34-B951-1E4AEAA95D62} = {23336B80-C77F-4CF8-B73F-EAC00ADAD86A}
		{1707AD26-2017-4A4E-ACDD-92771D46936B} = {B8EE1B74-358D-4B34-B951-1E4AEAA95D62}
		{D3D9D1E1-2CDC-4066-94FA-496CF4900286} = {310D9FF9-3D24-49DB-AC28-6E2F7E416B89}
	EndGlobalSection
	GlobalSection(ExtensibilityGlobals) = postSolution
		SolutionGuid = {3958BAEC-69DB-46FB-81B9-BCED6048382C}
	EndGlobalSection
EndGlobal
