
Microsoft Visual Studio Solution File, Format Version 12.00
# Visual Studio Version 16
VisualStudioVersion = 16.0.32510.428
MinimumVisualStudioVersion = 10.0.40219.1
Project("{2150E333-8FDC-42A3-9474-1A3956D46DE8}") = "Services", "Services", "{23336B80-C77F-4CF8-B73F-EAC00ADAD86A}"
EndProject
Project("{2150E333-8FDC-42A3-9474-1A3956D46DE8}") = "Catalog", "Catalog", "{4F9BAE86-75C7-47AF-968C-86F1A6EA1A93}"
EndProject
Project("{9A19103F-16F7-4668-BE54-9A1E7A4F7556}") = "CatalogAPI", "Services\Catalog\CatalogAPI\CatalogAPI.csproj", "{A91E8AF4-6163-413D-8BB9-B6B99820DF41}"
EndProject
Project("{2150E333-8FDC-42A3-9474-1A3956D46DE8}") = "Solution Items", "Solution Items", "{580B4213-99C0-450B-9C83-8937AB744066}"
	ProjectSection(SolutionItems) = preProject
		Ports.txt = Ports.txt
	EndProjectSection
EndProject
Project("{2150E333-8FDC-42A3-9474-1A3956D46DE8}") = "Shared", "Shared", "{259B3EAA-56C0-448F-8A68-B69796787844}"
EndProject
Project("{9A19103F-16F7-4668-BE54-9A1E7A4F7556}") = "Shared", "Shared\FreeCourse.Shared\Shared.csproj", "{40BDDE38-A78B-40B3-BE16-37E7C8427691}"
EndProject
Project("{2150E333-8FDC-42A3-9474-1A3956D46DE8}") = "Identity", "Identity", "{311CF1C8-2513-459C-9301-8BC3BEAED721}"
EndProject
Project("{9A19103F-16F7-4668-BE54-9A1E7A4F7556}") = "IdentityAPI", "Services\Identity\IdentityAPI\IdentityAPI.csproj", "{ABBA7906-F523-49C9-83A8-BCA505273776}"
EndProject
Project("{2150E333-8FDC-42A3-9474-1A3956D46DE8}") = "PhotoStock", "PhotoStock", "{CABE7F6D-D2EA-459B-B957-D76E0D2CB84B}"
EndProject
Project("{9A19103F-16F7-4668-BE54-9A1E7A4F7556}") = "PhotoStockAPI", "Services\PhotoStock\PhotoStockAPI\PhotoStockAPI.csproj", "{2C4C772E-9408-4925-B938-AC8E86A9442B}"
EndProject
Project("{2150E333-8FDC-42A3-9474-1A3956D46DE8}") = "Basket", "Basket", "{E53309EF-4249-4B3F-988B-4A8ABDBD9FD0}"
EndProject
Project("{FAE04EC0-301F-11D3-BF4B-00C04F79EFBC}") = "BasketAPI", "Services\Basket\BasketAPI\BasketAPI.csproj", "{CFBC84F8-E399-45EA-B91B-5EBB204C1141}"
EndProject
Global
	GlobalSection(SolutionConfigurationPlatforms) = preSolution
		Debug|Any CPU = Debug|Any CPU
		Release|Any CPU = Release|Any CPU
	EndGlobalSection
	GlobalSection(ProjectConfigurationPlatforms) = postSolution
		{A91E8AF4-6163-413D-8BB9-B6B99820DF41}.Debug|Any CPU.ActiveCfg = Debug|Any CPU
		{A91E8AF4-6163-413D-8BB9-B6B99820DF41}.Debug|Any CPU.Build.0 = Debug|Any CPU
		{A91E8AF4-6163-413D-8BB9-B6B99820DF41}.Release|Any CPU.ActiveCfg = Release|Any CPU
		{A91E8AF4-6163-413D-8BB9-B6B99820DF41}.Release|Any CPU.Build.0 = Release|Any CPU
		{40BDDE38-A78B-40B3-BE16-37E7C8427691}.Debug|Any CPU.ActiveCfg = Debug|Any CPU
		{40BDDE38-A78B-40B3-BE16-37E7C8427691}.Debug|Any CPU.Build.0 = Debug|Any CPU
		{40BDDE38-A78B-40B3-BE16-37E7C8427691}.Release|Any CPU.ActiveCfg = Release|Any CPU
		{40BDDE38-A78B-40B3-BE16-37E7C8427691}.Release|Any CPU.Build.0 = Release|Any CPU
		{ABBA7906-F523-49C9-83A8-BCA505273776}.Debug|Any CPU.ActiveCfg = Debug|Any CPU
		{ABBA7906-F523-49C9-83A8-BCA505273776}.Debug|Any CPU.Build.0 = Debug|Any CPU
		{ABBA7906-F523-49C9-83A8-BCA505273776}.Release|Any CPU.ActiveCfg = Release|Any CPU
		{ABBA7906-F523-49C9-83A8-BCA505273776}.Release|Any CPU.Build.0 = Release|Any CPU
		{2C4C772E-9408-4925-B938-AC8E86A9442B}.Debug|Any CPU.ActiveCfg = Debug|Any CPU
		{2C4C772E-9408-4925-B938-AC8E86A9442B}.Debug|Any CPU.Build.0 = Debug|Any CPU
		{2C4C772E-9408-4925-B938-AC8E86A9442B}.Release|Any CPU.ActiveCfg = Release|Any CPU
		{2C4C772E-9408-4925-B938-AC8E86A9442B}.Release|Any CPU.Build.0 = Release|Any CPU
		{CFBC84F8-E399-45EA-B91B-5EBB204C1141}.Debug|Any CPU.ActiveCfg = Debug|Any CPU
		{CFBC84F8-E399-45EA-B91B-5EBB204C1141}.Debug|Any CPU.Build.0 = Debug|Any CPU
		{CFBC84F8-E399-45EA-B91B-5EBB204C1141}.Release|Any CPU.ActiveCfg = Release|Any CPU
		{CFBC84F8-E399-45EA-B91B-5EBB204C1141}.Release|Any CPU.Build.0 = Release|Any CPU
	EndGlobalSection
	GlobalSection(SolutionProperties) = preSolution
		HideSolutionNode = FALSE
	EndGlobalSection
	GlobalSection(NestedProjects) = preSolution
		{4F9BAE86-75C7-47AF-968C-86F1A6EA1A93} = {23336B80-C77F-4CF8-B73F-EAC00ADAD86A}
		{A91E8AF4-6163-413D-8BB9-B6B99820DF41} = {4F9BAE86-75C7-47AF-968C-86F1A6EA1A93}
		{40BDDE38-A78B-40B3-BE16-37E7C8427691} = {259B3EAA-56C0-448F-8A68-B69796787844}
		{311CF1C8-2513-459C-9301-8BC3BEAED721} = {23336B80-C77F-4CF8-B73F-EAC00ADAD86A}
		{ABBA7906-F523-49C9-83A8-BCA505273776} = {311CF1C8-2513-459C-9301-8BC3BEAED721}
		{CABE7F6D-D2EA-459B-B957-D76E0D2CB84B} = {23336B80-C77F-4CF8-B73F-EAC00ADAD86A}
		{2C4C772E-9408-4925-B938-AC8E86A9442B} = {CABE7F6D-D2EA-459B-B957-D76E0D2CB84B}
		{E53309EF-4249-4B3F-988B-4A8ABDBD9FD0} = {23336B80-C77F-4CF8-B73F-EAC00ADAD86A}
		{CFBC84F8-E399-45EA-B91B-5EBB204C1141} = {E53309EF-4249-4B3F-988B-4A8ABDBD9FD0}
	EndGlobalSection
	GlobalSection(ExtensibilityGlobals) = postSolution
		SolutionGuid = {3958BAEC-69DB-46FB-81B9-BCED6048382C}
	EndGlobalSection
EndGlobal
